// !$*UTF8*$!
{
	archiveVersion = 1;
	classes = {
	};
	objectVersion = 46;
	objects = {

/* Begin PBXBuildFile section */
		B3E7B58A1CC2AC0600A0062D /* RNASDKTinkoff.m in Sources */ = {isa = PBXBuildFile; fileRef = B3E7B5891CC2AC0600A0062D /* RNASDKTinkoff.m */; };
		D213467421C50CCF00FA5CDC /* ASDKCore.framework in Frameworks */ = {isa = PBXBuildFile; fileRef = D213463821C50B4600FA5CDC /* ASDKCore.framework */; };
		D213467521C50CD200FA5CDC /* ASDKUI.framework in Frameworks */ = {isa = PBXBuildFile; fileRef = D213463F21C50B4B00FA5CDC /* ASDKUI.framework */; };
		D213467621C50CE200FA5CDC /* libcxxreact.a in Frameworks */ = {isa = PBXBuildFile; fileRef = D213465C21C50C9B00FA5CDC /* libcxxreact.a */; };
		D213467721C50CE200FA5CDC /* libReact.a in Frameworks */ = {isa = PBXBuildFile; fileRef = D213465421C50C9B00FA5CDC /* libReact.a */; };
		D213468821C5157800FA5CDC /* libopencv_core.a in Frameworks */ = {isa = PBXBuildFile; fileRef = D213467E21C5157800FA5CDC /* libopencv_core.a */; };
		D213468921C5157800FA5CDC /* CardIO.m in Sources */ = {isa = PBXBuildFile; fileRef = D213467F21C5157800FA5CDC /* CardIO.m */; };
		D213468A21C5157800FA5CDC /* libCardIO.a in Frameworks */ = {isa = PBXBuildFile; fileRef = D213468021C5157800FA5CDC /* libCardIO.a */; };
		D213468B21C5157800FA5CDC /* libopencv_imgproc.a in Frameworks */ = {isa = PBXBuildFile; fileRef = D213468521C5157800FA5CDC /* libopencv_imgproc.a */; };
/* End PBXBuildFile section */

/* Begin PBXContainerItemProxy section */
		D213463721C50B4600FA5CDC /* PBXContainerItemProxy */ = {
			isa = PBXContainerItemProxy;
			containerPortal = D213463021C50B4600FA5CDC /* ASDKCore.xcodeproj */;
			proxyType = 2;
			remoteGlobalIDString = 83166ED31C63984E00533D85;
			remoteInfo = ASDKCore;
		};
		D213463E21C50B4B00FA5CDC /* PBXContainerItemProxy */ = {
			isa = PBXContainerItemProxy;
			containerPortal = D213463921C50B4A00FA5CDC /* ASDKUI.xcodeproj */;
			proxyType = 2;
			remoteGlobalIDString = 8316724F1C64798800533D85;
			remoteInfo = ASDKUI;
		};
		D213465321C50C9B00FA5CDC /* PBXContainerItemProxy */ = {
			isa = PBXContainerItemProxy;
			containerPortal = D213464021C50C9B00FA5CDC /* React.xcodeproj */;
			proxyType = 2;
			remoteGlobalIDString = 83CBBA2E1A601D0E00E9B192;
			remoteInfo = React;
		};
		D213465521C50C9B00FA5CDC /* PBXContainerItemProxy */ = {
			isa = PBXContainerItemProxy;
			containerPortal = D213464021C50C9B00FA5CDC /* React.xcodeproj */;
			proxyType = 2;
			remoteGlobalIDString = 2D2A28131D9B038B00D4039D;
			remoteInfo = "React-tvOS";
		};
		D213465721C50C9B00FA5CDC /* PBXContainerItemProxy */ = {
			isa = PBXContainerItemProxy;
			containerPortal = D213464021C50C9B00FA5CDC /* React.xcodeproj */;
			proxyType = 2;
			remoteGlobalIDString = 3D3C059A1DE3340900C268FA;
			remoteInfo = yoga;
		};
		D213465921C50C9B00FA5CDC /* PBXContainerItemProxy */ = {
			isa = PBXContainerItemProxy;
			containerPortal = D213464021C50C9B00FA5CDC /* React.xcodeproj */;
			proxyType = 2;
			remoteGlobalIDString = 3D3C06751DE3340C00C268FA;
			remoteInfo = "yoga-tvOS";
		};
		D213465B21C50C9B00FA5CDC /* PBXContainerItemProxy */ = {
			isa = PBXContainerItemProxy;
			containerPortal = D213464021C50C9B00FA5CDC /* React.xcodeproj */;
			proxyType = 2;
			remoteGlobalIDString = 3D3CD9251DE5FBEC00167DC4;
			remoteInfo = cxxreact;
		};
		D213465D21C50C9B00FA5CDC /* PBXContainerItemProxy */ = {
			isa = PBXContainerItemProxy;
			containerPortal = D213464021C50C9B00FA5CDC /* React.xcodeproj */;
			proxyType = 2;
			remoteGlobalIDString = 3D3CD9321DE5FBEE00167DC4;
			remoteInfo = "cxxreact-tvOS";
		};
		D213465F21C50C9B00FA5CDC /* PBXContainerItemProxy */ = {
			isa = PBXContainerItemProxy;
			containerPortal = D213464021C50C9B00FA5CDC /* React.xcodeproj */;
			proxyType = 2;
			remoteGlobalIDString = 3D3CD90B1DE5FBD600167DC4;
			remoteInfo = jschelpers;
		};
		D213466121C50C9B00FA5CDC /* PBXContainerItemProxy */ = {
			isa = PBXContainerItemProxy;
			containerPortal = D213464021C50C9B00FA5CDC /* React.xcodeproj */;
			proxyType = 2;
			remoteGlobalIDString = 3D3CD9181DE5FBD800167DC4;
			remoteInfo = "jschelpers-tvOS";
		};
		D213466321C50C9B00FA5CDC /* PBXContainerItemProxy */ = {
			isa = PBXContainerItemProxy;
			containerPortal = D213464021C50C9B00FA5CDC /* React.xcodeproj */;
			proxyType = 2;
			remoteGlobalIDString = EBF21BDC1FC498900052F4D5;
			remoteInfo = jsinspector;
		};
		D213466521C50C9B00FA5CDC /* PBXContainerItemProxy */ = {
			isa = PBXContainerItemProxy;
			containerPortal = D213464021C50C9B00FA5CDC /* React.xcodeproj */;
			proxyType = 2;
			remoteGlobalIDString = EBF21BFA1FC4989A0052F4D5;
			remoteInfo = "jsinspector-tvOS";
		};
		D213466721C50C9B00FA5CDC /* PBXContainerItemProxy */ = {
			isa = PBXContainerItemProxy;
			containerPortal = D213464021C50C9B00FA5CDC /* React.xcodeproj */;
			proxyType = 2;
			remoteGlobalIDString = 139D7ECE1E25DB7D00323FB7;
			remoteInfo = "third-party";
		};
		D213466921C50C9B00FA5CDC /* PBXContainerItemProxy */ = {
			isa = PBXContainerItemProxy;
			containerPortal = D213464021C50C9B00FA5CDC /* React.xcodeproj */;
			proxyType = 2;
			remoteGlobalIDString = 3D383D3C1EBD27B6005632C8;
			remoteInfo = "third-party-tvOS";
		};
		D213466B21C50C9B00FA5CDC /* PBXContainerItemProxy */ = {
			isa = PBXContainerItemProxy;
			containerPortal = D213464021C50C9B00FA5CDC /* React.xcodeproj */;
			proxyType = 2;
			remoteGlobalIDString = 139D7E881E25C6D100323FB7;
			remoteInfo = "double-conversion";
		};
		D213466D21C50C9B00FA5CDC /* PBXContainerItemProxy */ = {
			isa = PBXContainerItemProxy;
			containerPortal = D213464021C50C9B00FA5CDC /* React.xcodeproj */;
			proxyType = 2;
			remoteGlobalIDString = 3D383D621EBD27B9005632C8;
			remoteInfo = "double-conversion-tvOS";
		};
		D213466F21C50C9B00FA5CDC /* PBXContainerItemProxy */ = {
			isa = PBXContainerItemProxy;
			containerPortal = D213464021C50C9B00FA5CDC /* React.xcodeproj */;
			proxyType = 2;
			remoteGlobalIDString = 9936F3131F5F2E4B0010BF04;
			remoteInfo = privatedata;
		};
		D213467121C50C9B00FA5CDC /* PBXContainerItemProxy */ = {
			isa = PBXContainerItemProxy;
			containerPortal = D213464021C50C9B00FA5CDC /* React.xcodeproj */;
			proxyType = 2;
			remoteGlobalIDString = 9936F32F1F5F2E5B0010BF04;
			remoteInfo = "privatedata-tvOS";
		};
/* End PBXContainerItemProxy section */

/* Begin PBXCopyFilesBuildPhase section */
		58B511D91A9E6C8500147676 /* CopyFiles */ = {
			isa = PBXCopyFilesBuildPhase;
			buildActionMask = 2147483647;
			dstPath = "include/$(PRODUCT_NAME)";
			dstSubfolderSpec = 16;
			files = (
			);
			runOnlyForDeploymentPostprocessing = 0;
		};
/* End PBXCopyFilesBuildPhase section */

/* Begin PBXFileReference section */
		134814201AA4EA6300B7C361 /* libRNASDKTinkoff.a */ = {isa = PBXFileReference; explicitFileType = archive.ar; includeInIndex = 0; path = libRNASDKTinkoff.a; sourceTree = BUILT_PRODUCTS_DIR; };
		B3E7B5881CC2AC0600A0062D /* RNASDKTinkoff.h */ = {isa = PBXFileReference; fileEncoding = 4; lastKnownFileType = sourcecode.c.h; path = RNASDKTinkoff.h; sourceTree = "<group>"; };
		B3E7B5891CC2AC0600A0062D /* RNASDKTinkoff.m */ = {isa = PBXFileReference; fileEncoding = 4; lastKnownFileType = sourcecode.c.objc; path = RNASDKTinkoff.m; sourceTree = "<group>"; };
		D213463021C50B4600FA5CDC /* ASDKCore.xcodeproj */ = {isa = PBXFileReference; lastKnownFileType = "wrapper.pb-project"; name = ASDKCore.xcodeproj; path = "tinkoff-asdk-ios/ASDKCore.xcodeproj"; sourceTree = "<group>"; };
		D213463921C50B4A00FA5CDC /* ASDKUI.xcodeproj */ = {isa = PBXFileReference; lastKnownFileType = "wrapper.pb-project"; name = ASDKUI.xcodeproj; path = "tinkoff-asdk-ios/ASDKUI.xcodeproj"; sourceTree = "<group>"; };
		D213464021C50C9B00FA5CDC /* React.xcodeproj */ = {isa = PBXFileReference; lastKnownFileType = "wrapper.pb-project"; name = React.xcodeproj; path = "../node_modules/react-native/React/React.xcodeproj"; sourceTree = "<group>"; };
		D213467C21C5157800FA5CDC /* CardIODetectionMode.h */ = {isa = PBXFileReference; fileEncoding = 4; lastKnownFileType = sourcecode.c.h; path = CardIODetectionMode.h; sourceTree = "<group>"; };
		D213467D21C5157800FA5CDC /* CardIOUtilities.h */ = {isa = PBXFileReference; fileEncoding = 4; lastKnownFileType = sourcecode.c.h; path = CardIOUtilities.h; sourceTree = "<group>"; };
		D213467E21C5157800FA5CDC /* libopencv_core.a */ = {isa = PBXFileReference; lastKnownFileType = archive.ar; path = libopencv_core.a; sourceTree = "<group>"; };
		D213467F21C5157800FA5CDC /* CardIO.m */ = {isa = PBXFileReference; fileEncoding = 4; lastKnownFileType = sourcecode.c.objc; path = CardIO.m; sourceTree = "<group>"; };
		D213468021C5157800FA5CDC /* libCardIO.a */ = {isa = PBXFileReference; lastKnownFileType = archive.ar; path = libCardIO.a; sourceTree = "<group>"; };
		D213468121C5157800FA5CDC /* CardIOView.h */ = {isa = PBXFileReference; fileEncoding = 4; lastKnownFileType = sourcecode.c.h; path = CardIOView.h; sourceTree = "<group>"; };
		D213468221C5157800FA5CDC /* CardIOPaymentViewController.h */ = {isa = PBXFileReference; fileEncoding = 4; lastKnownFileType = sourcecode.c.h; path = CardIOPaymentViewController.h; sourceTree = "<group>"; };
		D213468321C5157800FA5CDC /* CardIOViewDelegate.h */ = {isa = PBXFileReference; fileEncoding = 4; lastKnownFileType = sourcecode.c.h; path = CardIOViewDelegate.h; sourceTree = "<group>"; };
		D213468421C5157800FA5CDC /* CardIOCreditCardInfo.h */ = {isa = PBXFileReference; fileEncoding = 4; lastKnownFileType = sourcecode.c.h; path = CardIOCreditCardInfo.h; sourceTree = "<group>"; };
		D213468521C5157800FA5CDC /* libopencv_imgproc.a */ = {isa = PBXFileReference; lastKnownFileType = archive.ar; path = libopencv_imgproc.a; sourceTree = "<group>"; };
		D213468621C5157800FA5CDC /* CardIOPaymentViewControllerDelegate.h */ = {isa = PBXFileReference; fileEncoding = 4; lastKnownFileType = sourcecode.c.h; path = CardIOPaymentViewControllerDelegate.h; sourceTree = "<group>"; };
		D213468721C5157800FA5CDC /* CardIO.h */ = {isa = PBXFileReference; fileEncoding = 4; lastKnownFileType = sourcecode.c.h; path = CardIO.h; sourceTree = "<group>"; };
/* End PBXFileReference section */

/* Begin PBXFrameworksBuildPhase section */
		58B511D81A9E6C8500147676 /* Frameworks */ = {
			isa = PBXFrameworksBuildPhase;
			buildActionMask = 2147483647;
			files = (
				D213467621C50CE200FA5CDC /* libcxxreact.a in Frameworks */,
				D213468A21C5157800FA5CDC /* libCardIO.a in Frameworks */,
				D213467721C50CE200FA5CDC /* libReact.a in Frameworks */,
				D213467521C50CD200FA5CDC /* ASDKUI.framework in Frameworks */,
				D213468821C5157800FA5CDC /* libopencv_core.a in Frameworks */,
				D213467421C50CCF00FA5CDC /* ASDKCore.framework in Frameworks */,
				D213468B21C5157800FA5CDC /* libopencv_imgproc.a in Frameworks */,
			);
			runOnlyForDeploymentPostprocessing = 0;
		};
/* End PBXFrameworksBuildPhase section */

/* Begin PBXGroup section */
		134814211AA4EA7D00B7C361 /* Products */ = {
			isa = PBXGroup;
			children = (
				134814201AA4EA6300B7C361 /* libRNASDKTinkoff.a */,
			);
			name = Products;
			sourceTree = "<group>";
		};
		58B511D21A9E6C8500147676 = {
			isa = PBXGroup;
			children = (
				B3E7B5881CC2AC0600A0062D /* RNASDKTinkoff.h */,
				B3E7B5891CC2AC0600A0062D /* RNASDKTinkoff.m */,
				D213464021C50C9B00FA5CDC /* React.xcodeproj */,
				D213463021C50B4600FA5CDC /* ASDKCore.xcodeproj */,
				D213463921C50B4A00FA5CDC /* ASDKUI.xcodeproj */,
				D213467B21C5157800FA5CDC /* CardIO */,
				134814211AA4EA7D00B7C361 /* Products */,
				D213467321C50CCF00FA5CDC /* Frameworks */,
			);
			sourceTree = "<group>";
		};
		D213463121C50B4600FA5CDC /* Products */ = {
			isa = PBXGroup;
			children = (
				D213463821C50B4600FA5CDC /* ASDKCore.framework */,
			);
			name = Products;
			sourceTree = "<group>";
		};
		D213463A21C50B4A00FA5CDC /* Products */ = {
			isa = PBXGroup;
			children = (
				D213463F21C50B4B00FA5CDC /* ASDKUI.framework */,
			);
			name = Products;
			sourceTree = "<group>";
		};
		D213464121C50C9B00FA5CDC /* Products */ = {
			isa = PBXGroup;
			children = (
				D213465421C50C9B00FA5CDC /* libReact.a */,
				D213465621C50C9B00FA5CDC /* libReact.a */,
				D213465821C50C9B00FA5CDC /* libyoga.a */,
				D213465A21C50C9B00FA5CDC /* libyoga.a */,
				D213465C21C50C9B00FA5CDC /* libcxxreact.a */,
				D213465E21C50C9B00FA5CDC /* libcxxreact.a */,
				D213466021C50C9B00FA5CDC /* libjschelpers.a */,
				D213466221C50C9B00FA5CDC /* libjschelpers.a */,
				D213466421C50C9B00FA5CDC /* libjsinspector.a */,
				D213466621C50C9B00FA5CDC /* libjsinspector-tvOS.a */,
				D213466821C50C9B00FA5CDC /* libthird-party.a */,
				D213466A21C50C9B00FA5CDC /* libthird-party.a */,
				D213466C21C50C9B00FA5CDC /* libdouble-conversion.a */,
				D213466E21C50C9B00FA5CDC /* libdouble-conversion.a */,
				D213467021C50C9B00FA5CDC /* libprivatedata.a */,
				D213467221C50C9B00FA5CDC /* libprivatedata-tvOS.a */,
			);
			name = Products;
			sourceTree = "<group>";
		};
		D213467321C50CCF00FA5CDC /* Frameworks */ = {
			isa = PBXGroup;
			children = (
			);
			name = Frameworks;
			sourceTree = "<group>";
		};
		D213467B21C5157800FA5CDC /* CardIO */ = {
			isa = PBXGroup;
			children = (
				D213467C21C5157800FA5CDC /* CardIODetectionMode.h */,
				D213467D21C5157800FA5CDC /* CardIOUtilities.h */,
				D213467E21C5157800FA5CDC /* libopencv_core.a */,
				D213467F21C5157800FA5CDC /* CardIO.m */,
				D213468021C5157800FA5CDC /* libCardIO.a */,
				D213468121C5157800FA5CDC /* CardIOView.h */,
				D213468221C5157800FA5CDC /* CardIOPaymentViewController.h */,
				D213468321C5157800FA5CDC /* CardIOViewDelegate.h */,
				D213468421C5157800FA5CDC /* CardIOCreditCardInfo.h */,
				D213468521C5157800FA5CDC /* libopencv_imgproc.a */,
				D213468621C5157800FA5CDC /* CardIOPaymentViewControllerDelegate.h */,
				D213468721C5157800FA5CDC /* CardIO.h */,
			);
			path = CardIO;
			sourceTree = "<group>";
		};
/* End PBXGroup section */

/* Begin PBXNativeTarget section */
		58B511DA1A9E6C8500147676 /* RNASDKTinkoff */ = {
			isa = PBXNativeTarget;
			buildConfigurationList = 58B511EF1A9E6C8500147676 /* Build configuration list for PBXNativeTarget "RNASDKTinkoff" */;
			buildPhases = (
				58B511D71A9E6C8500147676 /* Sources */,
				58B511D81A9E6C8500147676 /* Frameworks */,
				58B511D91A9E6C8500147676 /* CopyFiles */,
			);
			buildRules = (
			);
			dependencies = (
			);
			name = RNASDKTinkoff;
			productName = RCTDataManager;
			productReference = 134814201AA4EA6300B7C361 /* libRNASDKTinkoff.a */;
			productType = "com.apple.product-type.library.static";
		};
/* End PBXNativeTarget section */

/* Begin PBXProject section */
		58B511D31A9E6C8500147676 /* Project object */ = {
			isa = PBXProject;
			attributes = {
				LastUpgradeCheck = 0830;
				ORGANIZATIONNAME = Facebook;
				TargetAttributes = {
					58B511DA1A9E6C8500147676 = {
						CreatedOnToolsVersion = 6.1.1;
					};
				};
			};
			buildConfigurationList = 58B511D61A9E6C8500147676 /* Build configuration list for PBXProject "RNASDKTinkoff" */;
			compatibilityVersion = "Xcode 3.2";
			developmentRegion = English;
			hasScannedForEncodings = 0;
			knownRegions = (
				en,
			);
			mainGroup = 58B511D21A9E6C8500147676;
			productRefGroup = 58B511D21A9E6C8500147676;
			projectDirPath = "";
			projectReferences = (
				{
					ProductGroup = D213463121C50B4600FA5CDC /* Products */;
					ProjectRef = D213463021C50B4600FA5CDC /* ASDKCore.xcodeproj */;
				},
				{
					ProductGroup = D213463A21C50B4A00FA5CDC /* Products */;
					ProjectRef = D213463921C50B4A00FA5CDC /* ASDKUI.xcodeproj */;
				},
				{
					ProductGroup = D213464121C50C9B00FA5CDC /* Products */;
					ProjectRef = D213464021C50C9B00FA5CDC /* React.xcodeproj */;
				},
			);
			projectRoot = "";
			targets = (
				58B511DA1A9E6C8500147676 /* RNASDKTinkoff */,
			);
		};
/* End PBXProject section */

/* Begin PBXReferenceProxy section */
		D213463821C50B4600FA5CDC /* ASDKCore.framework */ = {
			isa = PBXReferenceProxy;
			fileType = wrapper.framework;
			path = ASDKCore.framework;
			remoteRef = D213463721C50B4600FA5CDC /* PBXContainerItemProxy */;
			sourceTree = BUILT_PRODUCTS_DIR;
		};
		D213463F21C50B4B00FA5CDC /* ASDKUI.framework */ = {
			isa = PBXReferenceProxy;
			fileType = wrapper.framework;
			path = ASDKUI.framework;
			remoteRef = D213463E21C50B4B00FA5CDC /* PBXContainerItemProxy */;
			sourceTree = BUILT_PRODUCTS_DIR;
		};
		D213465421C50C9B00FA5CDC /* libReact.a */ = {
			isa = PBXReferenceProxy;
			fileType = archive.ar;
			path = libReact.a;
			remoteRef = D213465321C50C9B00FA5CDC /* PBXContainerItemProxy */;
			sourceTree = BUILT_PRODUCTS_DIR;
		};
		D213465621C50C9B00FA5CDC /* libReact.a */ = {
			isa = PBXReferenceProxy;
			fileType = archive.ar;
			path = libReact.a;
			remoteRef = D213465521C50C9B00FA5CDC /* PBXContainerItemProxy */;
			sourceTree = BUILT_PRODUCTS_DIR;
		};
		D213465821C50C9B00FA5CDC /* libyoga.a */ = {
			isa = PBXReferenceProxy;
			fileType = archive.ar;
			path = libyoga.a;
			remoteRef = D213465721C50C9B00FA5CDC /* PBXContainerItemProxy */;
			sourceTree = BUILT_PRODUCTS_DIR;
		};
		D213465A21C50C9B00FA5CDC /* libyoga.a */ = {
			isa = PBXReferenceProxy;
			fileType = archive.ar;
			path = libyoga.a;
			remoteRef = D213465921C50C9B00FA5CDC /* PBXContainerItemProxy */;
			sourceTree = BUILT_PRODUCTS_DIR;
		};
		D213465C21C50C9B00FA5CDC /* libcxxreact.a */ = {
			isa = PBXReferenceProxy;
			fileType = archive.ar;
			path = libcxxreact.a;
			remoteRef = D213465B21C50C9B00FA5CDC /* PBXContainerItemProxy */;
			sourceTree = BUILT_PRODUCTS_DIR;
		};
		D213465E21C50C9B00FA5CDC /* libcxxreact.a */ = {
			isa = PBXReferenceProxy;
			fileType = archive.ar;
			path = libcxxreact.a;
			remoteRef = D213465D21C50C9B00FA5CDC /* PBXContainerItemProxy */;
			sourceTree = BUILT_PRODUCTS_DIR;
		};
		D213466021C50C9B00FA5CDC /* libjschelpers.a */ = {
			isa = PBXReferenceProxy;
			fileType = archive.ar;
			path = libjschelpers.a;
			remoteRef = D213465F21C50C9B00FA5CDC /* PBXContainerItemProxy */;
			sourceTree = BUILT_PRODUCTS_DIR;
		};
		D213466221C50C9B00FA5CDC /* libjschelpers.a */ = {
			isa = PBXReferenceProxy;
			fileType = archive.ar;
			path = libjschelpers.a;
			remoteRef = D213466121C50C9B00FA5CDC /* PBXContainerItemProxy */;
			sourceTree = BUILT_PRODUCTS_DIR;
		};
		D213466421C50C9B00FA5CDC /* libjsinspector.a */ = {
			isa = PBXReferenceProxy;
			fileType = archive.ar;
			path = libjsinspector.a;
			remoteRef = D213466321C50C9B00FA5CDC /* PBXContainerItemProxy */;
			sourceTree = BUILT_PRODUCTS_DIR;
		};
		D213466621C50C9B00FA5CDC /* libjsinspector-tvOS.a */ = {
			isa = PBXReferenceProxy;
			fileType = archive.ar;
			path = "libjsinspector-tvOS.a";
			remoteRef = D213466521C50C9B00FA5CDC /* PBXContainerItemProxy */;
			sourceTree = BUILT_PRODUCTS_DIR;
		};
		D213466821C50C9B00FA5CDC /* libthird-party.a */ = {
			isa = PBXReferenceProxy;
			fileType = archive.ar;
			path = "libthird-party.a";
			remoteRef = D213466721C50C9B00FA5CDC /* PBXContainerItemProxy */;
			sourceTree = BUILT_PRODUCTS_DIR;
		};
		D213466A21C50C9B00FA5CDC /* libthird-party.a */ = {
			isa = PBXReferenceProxy;
			fileType = archive.ar;
			path = "libthird-party.a";
			remoteRef = D213466921C50C9B00FA5CDC /* PBXContainerItemProxy */;
			sourceTree = BUILT_PRODUCTS_DIR;
		};
		D213466C21C50C9B00FA5CDC /* libdouble-conversion.a */ = {
			isa = PBXReferenceProxy;
			fileType = archive.ar;
			path = "libdouble-conversion.a";
			remoteRef = D213466B21C50C9B00FA5CDC /* PBXContainerItemProxy */;
			sourceTree = BUILT_PRODUCTS_DIR;
		};
		D213466E21C50C9B00FA5CDC /* libdouble-conversion.a */ = {
			isa = PBXReferenceProxy;
			fileType = archive.ar;
			path = "libdouble-conversion.a";
			remoteRef = D213466D21C50C9B00FA5CDC /* PBXContainerItemProxy */;
			sourceTree = BUILT_PRODUCTS_DIR;
		};
		D213467021C50C9B00FA5CDC /* libprivatedata.a */ = {
			isa = PBXReferenceProxy;
			fileType = archive.ar;
			path = libprivatedata.a;
			remoteRef = D213466F21C50C9B00FA5CDC /* PBXContainerItemProxy */;
			sourceTree = BUILT_PRODUCTS_DIR;
		};
		D213467221C50C9B00FA5CDC /* libprivatedata-tvOS.a */ = {
			isa = PBXReferenceProxy;
			fileType = archive.ar;
			path = "libprivatedata-tvOS.a";
			remoteRef = D213467121C50C9B00FA5CDC /* PBXContainerItemProxy */;
			sourceTree = BUILT_PRODUCTS_DIR;
		};
/* End PBXReferenceProxy section */

/* Begin PBXSourcesBuildPhase section */
		58B511D71A9E6C8500147676 /* Sources */ = {
			isa = PBXSourcesBuildPhase;
			buildActionMask = 2147483647;
			files = (
				B3E7B58A1CC2AC0600A0062D /* RNASDKTinkoff.m in Sources */,
				D213468921C5157800FA5CDC /* CardIO.m in Sources */,
			);
			runOnlyForDeploymentPostprocessing = 0;
		};
/* End PBXSourcesBuildPhase section */

/* Begin XCBuildConfiguration section */
		58B511ED1A9E6C8500147676 /* Debug */ = {
			isa = XCBuildConfiguration;
			buildSettings = {
				ALWAYS_SEARCH_USER_PATHS = NO;
				CLANG_CXX_LANGUAGE_STANDARD = "gnu++0x";
				CLANG_CXX_LIBRARY = "libc++";
				CLANG_ENABLE_MODULES = YES;
				CLANG_ENABLE_OBJC_ARC = YES;
				CLANG_WARN_BOOL_CONVERSION = YES;
				CLANG_WARN_CONSTANT_CONVERSION = YES;
				CLANG_WARN_DIRECT_OBJC_ISA_USAGE = YES_ERROR;
				CLANG_WARN_EMPTY_BODY = YES;
				CLANG_WARN_ENUM_CONVERSION = YES;
				CLANG_WARN_INFINITE_RECURSION = YES;
				CLANG_WARN_INT_CONVERSION = YES;
				CLANG_WARN_OBJC_ROOT_CLASS = YES_ERROR;
				CLANG_WARN_SUSPICIOUS_MOVE = YES;
				CLANG_WARN_UNREACHABLE_CODE = YES;
				CLANG_WARN__DUPLICATE_METHOD_MATCH = YES;
				COPY_PHASE_STRIP = NO;
				ENABLE_STRICT_OBJC_MSGSEND = YES;
				ENABLE_TESTABILITY = YES;
				GCC_C_LANGUAGE_STANDARD = gnu99;
				GCC_DYNAMIC_NO_PIC = NO;
				GCC_NO_COMMON_BLOCKS = YES;
				GCC_OPTIMIZATION_LEVEL = 0;
				GCC_PREPROCESSOR_DEFINITIONS = (
					"DEBUG=1",
					"$(inherited)",
				);
				GCC_SYMBOLS_PRIVATE_EXTERN = NO;
				GCC_WARN_64_TO_32_BIT_CONVERSION = YES;
				GCC_WARN_ABOUT_RETURN_TYPE = YES_ERROR;
				GCC_WARN_UNDECLARED_SELECTOR = YES;
				GCC_WARN_UNINITIALIZED_AUTOS = YES_AGGRESSIVE;
				GCC_WARN_UNUSED_FUNCTION = YES;
				GCC_WARN_UNUSED_VARIABLE = YES;
				IPHONEOS_DEPLOYMENT_TARGET = 8.0;
				MTL_ENABLE_DEBUG_INFO = YES;
				ONLY_ACTIVE_ARCH = YES;
				SDKROOT = iphoneos;
			};
			name = Debug;
		};
		58B511EE1A9E6C8500147676 /* Release */ = {
			isa = XCBuildConfiguration;
			buildSettings = {
				ALWAYS_SEARCH_USER_PATHS = NO;
				CLANG_CXX_LANGUAGE_STANDARD = "gnu++0x";
				CLANG_CXX_LIBRARY = "libc++";
				CLANG_ENABLE_MODULES = YES;
				CLANG_ENABLE_OBJC_ARC = YES;
				CLANG_WARN_BOOL_CONVERSION = YES;
				CLANG_WARN_CONSTANT_CONVERSION = YES;
				CLANG_WARN_DIRECT_OBJC_ISA_USAGE = YES_ERROR;
				CLANG_WARN_EMPTY_BODY = YES;
				CLANG_WARN_ENUM_CONVERSION = YES;
				CLANG_WARN_INFINITE_RECURSION = YES;
				CLANG_WARN_INT_CONVERSION = YES;
				CLANG_WARN_OBJC_ROOT_CLASS = YES_ERROR;
				CLANG_WARN_SUSPICIOUS_MOVE = YES;
				CLANG_WARN_UNREACHABLE_CODE = YES;
				CLANG_WARN__DUPLICATE_METHOD_MATCH = YES;
				COPY_PHASE_STRIP = YES;
				ENABLE_NS_ASSERTIONS = NO;
				ENABLE_STRICT_OBJC_MSGSEND = YES;
				GCC_C_LANGUAGE_STANDARD = gnu99;
				GCC_NO_COMMON_BLOCKS = YES;
				GCC_WARN_64_TO_32_BIT_CONVERSION = YES;
				GCC_WARN_ABOUT_RETURN_TYPE = YES_ERROR;
				GCC_WARN_UNDECLARED_SELECTOR = YES;
				GCC_WARN_UNINITIALIZED_AUTOS = YES_AGGRESSIVE;
				GCC_WARN_UNUSED_FUNCTION = YES;
				GCC_WARN_UNUSED_VARIABLE = YES;
				IPHONEOS_DEPLOYMENT_TARGET = 8.0;
				MTL_ENABLE_DEBUG_INFO = NO;
				SDKROOT = iphoneos;
				VALIDATE_PRODUCT = YES;
			};
			name = Release;
		};
		58B511F01A9E6C8500147676 /* Debug */ = {
			isa = XCBuildConfiguration;
			buildSettings = {
				HEADER_SEARCH_PATHS = (
					"$(inherited)",
					/Applications/Xcode.app/Contents/Developer/Toolchains/XcodeDefault.xctoolchain/usr/include,
					"$(SRCROOT)/../../../React/**",
					"$(SRCROOT)/../../react-native/React/**",
				);
				LIBRARY_SEARCH_PATHS = (
					"$(inherited)",
					"$(PROJECT_DIR)/CardIO",
				);
				OTHER_LDFLAGS = "-ObjC";
				PRODUCT_NAME = RNASDKTinkoff;
				SKIP_INSTALL = YES;
			};
			name = Debug;
		};
		58B511F11A9E6C8500147676 /* Release */ = {
			isa = XCBuildConfiguration;
			buildSettings = {
				HEADER_SEARCH_PATHS = (
					"$(inherited)",
					/Applications/Xcode.app/Contents/Developer/Toolchains/XcodeDefault.xctoolchain/usr/include,
					"$(SRCROOT)/../../../React/**",
					"$(SRCROOT)/../../react-native/React/**",
				);
				LIBRARY_SEARCH_PATHS = (
					"$(inherited)",
					"$(PROJECT_DIR)/CardIO",
				);
				OTHER_LDFLAGS = "-ObjC";
				PRODUCT_NAME = RNASDKTinkoff;
				SKIP_INSTALL = YES;
			};
			name = Release;
		};
/* End XCBuildConfiguration section */

/* Begin XCConfigurationList section */
		58B511D61A9E6C8500147676 /* Build configuration list for PBXProject "RNASDKTinkoff" */ = {
			isa = XCConfigurationList;
			buildConfigurations = (
				58B511ED1A9E6C8500147676 /* Debug */,
				58B511EE1A9E6C8500147676 /* Release */,
			);
			defaultConfigurationIsVisible = 0;
			defaultConfigurationName = Release;
		};
		58B511EF1A9E6C8500147676 /* Build configuration list for PBXNativeTarget "RNASDKTinkoff" */ = {
			isa = XCConfigurationList;
			buildConfigurations = (
				58B511F01A9E6C8500147676 /* Debug */,
				58B511F11A9E6C8500147676 /* Release */,
			);
			defaultConfigurationIsVisible = 0;
			defaultConfigurationName = Release;
		};
/* End XCConfigurationList section */
	};
	rootObject = 58B511D31A9E6C8500147676 /* Project object */;
}
